
Microsoft Visual Studio Solution File, Format Version 12.00
# Visual Studio 15
VisualStudioVersion = 15.0.28307.106
MinimumVisualStudioVersion = 10.0.40219.1
Project("{9A19103F-16F7-4668-BE54-9A1E7A4F7556}") = "LendersApi", "LendersApi\LendersApi.csproj", "{996C130F-78CF-4442-A66B-929C1CF52C16}"
EndProject
Project("{9A19103F-16F7-4668-BE54-9A1E7A4F7556}") = "LendersApi.Tests", "LendersApi.Tests\LendersApi.Tests.csproj", "{6F467A73-91FD-49E5-AD1C-3D39086A317D}"
EndProject
Project("{9A19103F-16F7-4668-BE54-9A1E7A4F7556}") = "LendersApi.Repository", "LendersApi.Repository\LendersApi.Repository.csproj", "{FEFF77FC-21A5-48BD-B3C5-378BB929AF11}"
EndProject
Global
	GlobalSection(SolutionConfigurationPlatforms) = preSolution
		Debug|Any CPU = Debug|Any CPU
		Release|Any CPU = Release|Any CPU
	EndGlobalSection
	GlobalSection(ProjectConfigurationPlatforms) = postSolution
		{996C130F-78CF-4442-A66B-929C1CF52C16}.Debug|Any CPU.ActiveCfg = Debug|Any CPU
		{996C130F-78CF-4442-A66B-929C1CF52C16}.Debug|Any CPU.Build.0 = Debug|Any CPU
		{996C130F-78CF-4442-A66B-929C1CF52C16}.Release|Any CPU.ActiveCfg = Release|Any CPU
		{996C130F-78CF-4442-A66B-929C1CF52C16}.Release|Any CPU.Build.0 = Release|Any CPU
		{6F467A73-91FD-49E5-AD1C-3D39086A317D}.Debug|Any CPU.ActiveCfg = Debug|Any CPU
		{6F467A73-91FD-49E5-AD1C-3D39086A317D}.Debug|Any CPU.Build.0 = Debug|Any CPU
		{6F467A73-91FD-49E5-AD1C-3D39086A317D}.Release|Any CPU.ActiveCfg = Release|Any CPU
		{6F467A73-91FD-49E5-AD1C-3D39086A317D}.Release|Any CPU.Build.0 = Release|Any CPU
		{FEFF77FC-21A5-48BD-B3C5-378BB929AF11}.Debug|Any CPU.ActiveCfg = Debug|Any CPU
		{FEFF77FC-21A5-48BD-B3C5-378BB929AF11}.Debug|Any CPU.Build.0 = Debug|Any CPU
		{FEFF77FC-21A5-48BD-B3C5-378BB929AF11}.Release|Any CPU.ActiveCfg = Release|Any CPU
		{FEFF77FC-21A5-48BD-B3C5-378BB929AF11}.Release|Any CPU.Build.0 = Release|Any CPU
	EndGlobalSection
	GlobalSection(SolutionProperties) = preSolution
		HideSolutionNode = FALSE
	EndGlobalSection
	GlobalSection(ExtensibilityGlobals) = postSolution
		SolutionGuid = {7F3D63C6-E7A2-461B-B90E-71ED3736C368}
	EndGlobalSection
EndGlobal
